
Microsoft Visual Studio Solution File, Format Version 12.00
# Visual Studio 15
VisualStudioVersion = 15.0.28010.2046
MinimumVisualStudioVersion = 10.0.40219.1
Project("{FAE04EC0-301F-11D3-BF4B-00C04F79EFBC}") = "Setas.Android", "Setas\Setas.Android\Setas.Android.csproj", "{F474C5C6-2E17-4905-B924-11D23D90C6B7}"
EndProject
Project("{FAE04EC0-301F-11D3-BF4B-00C04F79EFBC}") = "Setas.iOS", "Setas\Setas.iOS\Setas.iOS.csproj", "{5799DF46-D564-4E9F-A245-07B7BF668C88}"
EndProject
Project("{9A19103F-16F7-4668-BE54-9A1E7A4F7556}") = "Setas", "Setas\Setas\Setas.csproj", "{4992C4BB-FF9E-494E-B713-086674CC975D}"
EndProject
Project("{FAE04EC0-301F-11D3-BF4B-00C04F79EFBC}") = "Setas.Website", "Setas.Website\Setas.Website.csproj", "{91296349-935C-4112-9AC1-574D243EDCB3}"
EndProject
Project("{FAE04EC0-301F-11D3-BF4B-00C04F79EFBC}") = "Setas.Core", "Setas.Core\Setas.Core.csproj", "{024B0BCD-A178-45A5-AFB2-3C9C0381602D}"
EndProject
Global
	GlobalSection(SolutionConfigurationPlatforms) = preSolution
		Ad-Hoc|Any CPU = Ad-Hoc|Any CPU
		Ad-Hoc|iPhone = Ad-Hoc|iPhone
		Ad-Hoc|iPhoneSimulator = Ad-Hoc|iPhoneSimulator
		AppStore|Any CPU = AppStore|Any CPU
		AppStore|iPhone = AppStore|iPhone
		AppStore|iPhoneSimulator = AppStore|iPhoneSimulator
		Debug|Any CPU = Debug|Any CPU
		Debug|iPhone = Debug|iPhone
		Debug|iPhoneSimulator = Debug|iPhoneSimulator
		Release|Any CPU = Release|Any CPU
		Release|iPhone = Release|iPhone
		Release|iPhoneSimulator = Release|iPhoneSimulator
	EndGlobalSection
	GlobalSection(ProjectConfigurationPlatforms) = postSolution
		{F474C5C6-2E17-4905-B924-11D23D90C6B7}.Ad-Hoc|Any CPU.ActiveCfg = Release|Any CPU
		{F474C5C6-2E17-4905-B924-11D23D90C6B7}.Ad-Hoc|Any CPU.Build.0 = Release|Any CPU
		{F474C5C6-2E17-4905-B924-11D23D90C6B7}.Ad-Hoc|Any CPU.Deploy.0 = Release|Any CPU
		{F474C5C6-2E17-4905-B924-11D23D90C6B7}.Ad-Hoc|iPhone.ActiveCfg = Release|Any CPU
		{F474C5C6-2E17-4905-B924-11D23D90C6B7}.Ad-Hoc|iPhone.Build.0 = Release|Any CPU
		{F474C5C6-2E17-4905-B924-11D23D90C6B7}.Ad-Hoc|iPhone.Deploy.0 = Release|Any CPU
		{F474C5C6-2E17-4905-B924-11D23D90C6B7}.Ad-Hoc|iPhoneSimulator.ActiveCfg = Release|Any CPU
		{F474C5C6-2E17-4905-B924-11D23D90C6B7}.Ad-Hoc|iPhoneSimulator.Build.0 = Release|Any CPU
		{F474C5C6-2E17-4905-B924-11D23D90C6B7}.Ad-Hoc|iPhoneSimulator.Deploy.0 = Release|Any CPU
		{F474C5C6-2E17-4905-B924-11D23D90C6B7}.AppStore|Any CPU.ActiveCfg = Release|Any CPU
		{F474C5C6-2E17-4905-B924-11D23D90C6B7}.AppStore|Any CPU.Build.0 = Release|Any CPU
		{F474C5C6-2E17-4905-B924-11D23D90C6B7}.AppStore|Any CPU.Deploy.0 = Release|Any CPU
		{F474C5C6-2E17-4905-B924-11D23D90C6B7}.AppStore|iPhone.ActiveCfg = Release|Any CPU
		{F474C5C6-2E17-4905-B924-11D23D90C6B7}.AppStore|iPhone.Build.0 = Release|Any CPU
		{F474C5C6-2E17-4905-B924-11D23D90C6B7}.AppStore|iPhone.Deploy.0 = Release|Any CPU
		{F474C5C6-2E17-4905-B924-11D23D90C6B7}.AppStore|iPhoneSimulator.ActiveCfg = Release|Any CPU
		{F474C5C6-2E17-4905-B924-11D23D90C6B7}.AppStore|iPhoneSimulator.Build.0 = Release|Any CPU
		{F474C5C6-2E17-4905-B924-11D23D90C6B7}.AppStore|iPhoneSimulator.Deploy.0 = Release|Any CPU
		{F474C5C6-2E17-4905-B924-11D23D90C6B7}.Debug|Any CPU.ActiveCfg = Debug|Any CPU
		{F474C5C6-2E17-4905-B924-11D23D90C6B7}.Debug|Any CPU.Build.0 = Debug|Any CPU
		{F474C5C6-2E17-4905-B924-11D23D90C6B7}.Debug|Any CPU.Deploy.0 = Debug|Any CPU
		{F474C5C6-2E17-4905-B924-11D23D90C6B7}.Debug|iPhone.ActiveCfg = Debug|Any CPU
		{F474C5C6-2E17-4905-B924-11D23D90C6B7}.Debug|iPhone.Build.0 = Debug|Any CPU
		{F474C5C6-2E17-4905-B924-11D23D90C6B7}.Debug|iPhone.Deploy.0 = Debug|Any CPU
		{F474C5C6-2E17-4905-B924-11D23D90C6B7}.Debug|iPhoneSimulator.ActiveCfg = Debug|Any CPU
		{F474C5C6-2E17-4905-B924-11D23D90C6B7}.Debug|iPhoneSimulator.Build.0 = Debug|Any CPU
		{F474C5C6-2E17-4905-B924-11D23D90C6B7}.Debug|iPhoneSimulator.Deploy.0 = Debug|Any CPU
		{F474C5C6-2E17-4905-B924-11D23D90C6B7}.Release|Any CPU.ActiveCfg = Release|Any CPU
		{F474C5C6-2E17-4905-B924-11D23D90C6B7}.Release|Any CPU.Build.0 = Release|Any CPU
		{F474C5C6-2E17-4905-B924-11D23D90C6B7}.Release|Any CPU.Deploy.0 = Release|Any CPU
		{F474C5C6-2E17-4905-B924-11D23D90C6B7}.Release|iPhone.ActiveCfg = Release|Any CPU
		{F474C5C6-2E17-4905-B924-11D23D90C6B7}.Release|iPhone.Build.0 = Release|Any CPU
		{F474C5C6-2E17-4905-B924-11D23D90C6B7}.Release|iPhone.Deploy.0 = Release|Any CPU
		{F474C5C6-2E17-4905-B924-11D23D90C6B7}.Release|iPhoneSimulator.ActiveCfg = Release|Any CPU
		{F474C5C6-2E17-4905-B924-11D23D90C6B7}.Release|iPhoneSimulator.Build.0 = Release|Any CPU
		{F474C5C6-2E17-4905-B924-11D23D90C6B7}.Release|iPhoneSimulator.Deploy.0 = Release|Any CPU
		{5799DF46-D564-4E9F-A245-07B7BF668C88}.Ad-Hoc|Any CPU.ActiveCfg = Ad-Hoc|iPhone
		{5799DF46-D564-4E9F-A245-07B7BF668C88}.Ad-Hoc|Any CPU.Build.0 = Ad-Hoc|iPhone
		{5799DF46-D564-4E9F-A245-07B7BF668C88}.Ad-Hoc|Any CPU.Deploy.0 = Ad-Hoc|iPhone
		{5799DF46-D564-4E9F-A245-07B7BF668C88}.Ad-Hoc|iPhone.ActiveCfg = Ad-Hoc|iPhone
		{5799DF46-D564-4E9F-A245-07B7BF668C88}.Ad-Hoc|iPhone.Build.0 = Ad-Hoc|iPhone
		{5799DF46-D564-4E9F-A245-07B7BF668C88}.Ad-Hoc|iPhone.Deploy.0 = Ad-Hoc|iPhone
		{5799DF46-D564-4E9F-A245-07B7BF668C88}.Ad-Hoc|iPhoneSimulator.ActiveCfg = Ad-Hoc|iPhoneSimulator
		{5799DF46-D564-4E9F-A245-07B7BF668C88}.Ad-Hoc|iPhoneSimulator.Build.0 = Ad-Hoc|iPhoneSimulator
		{5799DF46-D564-4E9F-A245-07B7BF668C88}.Ad-Hoc|iPhoneSimulator.Deploy.0 = Ad-Hoc|iPhoneSimulator
		{5799DF46-D564-4E9F-A245-07B7BF668C88}.AppStore|Any CPU.ActiveCfg = AppStore|iPhone
		{5799DF46-D564-4E9F-A245-07B7BF668C88}.AppStore|Any CPU.Build.0 = AppStore|iPhone
		{5799DF46-D564-4E9F-A245-07B7BF668C88}.AppStore|Any CPU.Deploy.0 = AppStore|iPhone
		{5799DF46-D564-4E9F-A245-07B7BF668C88}.AppStore|iPhone.ActiveCfg = AppStore|iPhone
		{5799DF46-D564-4E9F-A245-07B7BF668C88}.AppStore|iPhone.Build.0 = AppStore|iPhone
		{5799DF46-D564-4E9F-A245-07B7BF668C88}.AppStore|iPhone.Deploy.0 = AppStore|iPhone
		{5799DF46-D564-4E9F-A245-07B7BF668C88}.AppStore|iPhoneSimulator.ActiveCfg = AppStore|iPhoneSimulator
		{5799DF46-D564-4E9F-A245-07B7BF668C88}.AppStore|iPhoneSimulator.Build.0 = AppStore|iPhoneSimulator
		{5799DF46-D564-4E9F-A245-07B7BF668C88}.AppStore|iPhoneSimulator.Deploy.0 = AppStore|iPhoneSimulator
		{5799DF46-D564-4E9F-A245-07B7BF668C88}.Debug|Any CPU.ActiveCfg = Debug|iPhone
		{5799DF46-D564-4E9F-A245-07B7BF668C88}.Debug|Any CPU.Build.0 = Debug|iPhone
		{5799DF46-D564-4E9F-A245-07B7BF668C88}.Debug|Any CPU.Deploy.0 = Debug|iPhone
		{5799DF46-D564-4E9F-A245-07B7BF668C88}.Debug|iPhone.ActiveCfg = Debug|iPhone
		{5799DF46-D564-4E9F-A245-07B7BF668C88}.Debug|iPhone.Build.0 = Debug|iPhone
		{5799DF46-D564-4E9F-A245-07B7BF668C88}.Debug|iPhone.Deploy.0 = Debug|iPhone
		{5799DF46-D564-4E9F-A245-07B7BF668C88}.Debug|iPhoneSimulator.ActiveCfg = Debug|iPhoneSimulator
		{5799DF46-D564-4E9F-A245-07B7BF668C88}.Debug|iPhoneSimulator.Build.0 = Debug|iPhoneSimulator
		{5799DF46-D564-4E9F-A245-07B7BF668C88}.Debug|iPhoneSimulator.Deploy.0 = Debug|iPhoneSimulator
		{5799DF46-D564-4E9F-A245-07B7BF668C88}.Release|Any CPU.ActiveCfg = Release|iPhone
		{5799DF46-D564-4E9F-A245-07B7BF668C88}.Release|Any CPU.Build.0 = Release|iPhone
		{5799DF46-D564-4E9F-A245-07B7BF668C88}.Release|Any CPU.Deploy.0 = Release|iPhone
		{5799DF46-D564-4E9F-A245-07B7BF668C88}.Release|iPhone.ActiveCfg = Release|iPhone
		{5799DF46-D564-4E9F-A245-07B7BF668C88}.Release|iPhone.Build.0 = Release|iPhone
		{5799DF46-D564-4E9F-A245-07B7BF668C88}.Release|iPhone.Deploy.0 = Release|iPhone
		{5799DF46-D564-4E9F-A245-07B7BF668C88}.Release|iPhoneSimulator.ActiveCfg = Release|iPhoneSimulator
		{5799DF46-D564-4E9F-A245-07B7BF668C88}.Release|iPhoneSimulator.Build.0 = Release|iPhoneSimulator
		{5799DF46-D564-4E9F-A245-07B7BF668C88}.Release|iPhoneSimulator.Deploy.0 = Release|iPhoneSimulator
		{4992C4BB-FF9E-494E-B713-086674CC975D}.Ad-Hoc|Any CPU.ActiveCfg = Debug|Any CPU
		{4992C4BB-FF9E-494E-B713-086674CC975D}.Ad-Hoc|Any CPU.Build.0 = Debug|Any CPU
		{4992C4BB-FF9E-494E-B713-086674CC975D}.Ad-Hoc|Any CPU.Deploy.0 = Debug|Any CPU
		{4992C4BB-FF9E-494E-B713-086674CC975D}.Ad-Hoc|iPhone.ActiveCfg = Debug|Any CPU
		{4992C4BB-FF9E-494E-B713-086674CC975D}.Ad-Hoc|iPhone.Build.0 = Debug|Any CPU
		{4992C4BB-FF9E-494E-B713-086674CC975D}.Ad-Hoc|iPhone.Deploy.0 = Debug|Any CPU
		{4992C4BB-FF9E-494E-B713-086674CC975D}.Ad-Hoc|iPhoneSimulator.ActiveCfg = Debug|Any CPU
		{4992C4BB-FF9E-494E-B713-086674CC975D}.Ad-Hoc|iPhoneSimulator.Build.0 = Debug|Any CPU
		{4992C4BB-FF9E-494E-B713-086674CC975D}.Ad-Hoc|iPhoneSimulator.Deploy.0 = Debug|Any CPU
		{4992C4BB-FF9E-494E-B713-086674CC975D}.AppStore|Any CPU.ActiveCfg = Debug|Any CPU
		{4992C4BB-FF9E-494E-B713-086674CC975D}.AppStore|Any CPU.Build.0 = Debug|Any CPU
		{4992C4BB-FF9E-494E-B713-086674CC975D}.AppStore|Any CPU.Deploy.0 = Debug|Any CPU
		{4992C4BB-FF9E-494E-B713-086674CC975D}.AppStore|iPhone.ActiveCfg = Debug|Any CPU
		{4992C4BB-FF9E-494E-B713-086674CC975D}.AppStore|iPhone.Build.0 = Debug|Any CPU
		{4992C4BB-FF9E-494E-B713-086674CC975D}.AppStore|iPhone.Deploy.0 = Debug|Any CPU
		{4992C4BB-FF9E-494E-B713-086674CC975D}.AppStore|iPhoneSimulator.ActiveCfg = Debug|Any CPU
		{4992C4BB-FF9E-494E-B713-086674CC975D}.AppStore|iPhoneSimulator.Build.0 = Debug|Any CPU
		{4992C4BB-FF9E-494E-B713-086674CC975D}.AppStore|iPhoneSimulator.Deploy.0 = Debug|Any CPU
		{4992C4BB-FF9E-494E-B713-086674CC975D}.Debug|Any CPU.ActiveCfg = Debug|Any CPU
		{4992C4BB-FF9E-494E-B713-086674CC975D}.Debug|Any CPU.Build.0 = Debug|Any CPU
		{4992C4BB-FF9E-494E-B713-086674CC975D}.Debug|Any CPU.Deploy.0 = Debug|Any CPU
		{4992C4BB-FF9E-494E-B713-086674CC975D}.Debug|iPhone.ActiveCfg = Debug|Any CPU
		{4992C4BB-FF9E-494E-B713-086674CC975D}.Debug|iPhone.Build.0 = Debug|Any CPU
		{4992C4BB-FF9E-494E-B713-086674CC975D}.Debug|iPhone.Deploy.0 = Debug|Any CPU
		{4992C4BB-FF9E-494E-B713-086674CC975D}.Debug|iPhoneSimulator.ActiveCfg = Debug|Any CPU
		{4992C4BB-FF9E-494E-B713-086674CC975D}.Debug|iPhoneSimulator.Build.0 = Debug|Any CPU
		{4992C4BB-FF9E-494E-B713-086674CC975D}.Debug|iPhoneSimulator.Deploy.0 = Debug|Any CPU
		{4992C4BB-FF9E-494E-B713-086674CC975D}.Release|Any CPU.ActiveCfg = Release|Any CPU
		{4992C4BB-FF9E-494E-B713-086674CC975D}.Release|Any CPU.Build.0 = Release|Any CPU
		{4992C4BB-FF9E-494E-B713-086674CC975D}.Release|Any CPU.Deploy.0 = Release|Any CPU
		{4992C4BB-FF9E-494E-B713-086674CC975D}.Release|iPhone.ActiveCfg = Release|Any CPU
		{4992C4BB-FF9E-494E-B713-086674CC975D}.Release|iPhone.Build.0 = Release|Any CPU
		{4992C4BB-FF9E-494E-B713-086674CC975D}.Release|iPhone.Deploy.0 = Release|Any CPU
		{4992C4BB-FF9E-494E-B713-086674CC975D}.Release|iPhoneSimulator.ActiveCfg = Release|Any CPU
		{4992C4BB-FF9E-494E-B713-086674CC975D}.Release|iPhoneSimulator.Build.0 = Release|Any CPU
		{4992C4BB-FF9E-494E-B713-086674CC975D}.Release|iPhoneSimulator.Deploy.0 = Release|Any CPU
		{91296349-935C-4112-9AC1-574D243EDCB3}.Ad-Hoc|Any CPU.ActiveCfg = Release|Any CPU
		{91296349-935C-4112-9AC1-574D243EDCB3}.Ad-Hoc|Any CPU.Build.0 = Release|Any CPU
		{91296349-935C-4112-9AC1-574D243EDCB3}.Ad-Hoc|iPhone.ActiveCfg = Release|Any CPU
		{91296349-935C-4112-9AC1-574D243EDCB3}.Ad-Hoc|iPhone.Build.0 = Release|Any CPU
		{91296349-935C-4112-9AC1-574D243EDCB3}.Ad-Hoc|iPhoneSimulator.ActiveCfg = Release|Any CPU
		{91296349-935C-4112-9AC1-574D243EDCB3}.Ad-Hoc|iPhoneSimulator.Build.0 = Release|Any CPU
		{91296349-935C-4112-9AC1-574D243EDCB3}.AppStore|Any CPU.ActiveCfg = Release|Any CPU
		{91296349-935C-4112-9AC1-574D243EDCB3}.AppStore|Any CPU.Build.0 = Release|Any CPU
		{91296349-935C-4112-9AC1-574D243EDCB3}.AppStore|iPhone.ActiveCfg = Release|Any CPU
		{91296349-935C-4112-9AC1-574D243EDCB3}.AppStore|iPhone.Build.0 = Release|Any CPU
		{91296349-935C-4112-9AC1-574D243EDCB3}.AppStore|iPhoneSimulator.ActiveCfg = Release|Any CPU
		{91296349-935C-4112-9AC1-574D243EDCB3}.AppStore|iPhoneSimulator.Build.0 = Release|Any CPU
		{91296349-935C-4112-9AC1-574D243EDCB3}.Debug|Any CPU.ActiveCfg = Debug|Any CPU
		{91296349-935C-4112-9AC1-574D243EDCB3}.Debug|Any CPU.Build.0 = Debug|Any CPU
		{91296349-935C-4112-9AC1-574D243EDCB3}.Debug|iPhone.ActiveCfg = Debug|Any CPU
		{91296349-935C-4112-9AC1-574D243EDCB3}.Debug|iPhone.Build.0 = Debug|Any CPU
		{91296349-935C-4112-9AC1-574D243EDCB3}.Debug|iPhoneSimulator.ActiveCfg = Debug|Any CPU
		{91296349-935C-4112-9AC1-574D243EDCB3}.Debug|iPhoneSimulator.Build.0 = Debug|Any CPU
		{91296349-935C-4112-9AC1-574D243EDCB3}.Release|Any CPU.ActiveCfg = Release|Any CPU
		{91296349-935C-4112-9AC1-574D243EDCB3}.Release|Any CPU.Build.0 = Release|Any CPU
		{91296349-935C-4112-9AC1-574D243EDCB3}.Release|iPhone.ActiveCfg = Release|Any CPU
		{91296349-935C-4112-9AC1-574D243EDCB3}.Release|iPhone.Build.0 = Release|Any CPU
		{91296349-935C-4112-9AC1-574D243EDCB3}.Release|iPhoneSimulator.ActiveCfg = Release|Any CPU
		{91296349-935C-4112-9AC1-574D243EDCB3}.Release|iPhoneSimulator.Build.0 = Release|Any CPU
		{024B0BCD-A178-45A5-AFB2-3C9C0381602D}.Ad-Hoc|Any CPU.ActiveCfg = Release|Any CPU
		{024B0BCD-A178-45A5-AFB2-3C9C0381602D}.Ad-Hoc|Any CPU.Build.0 = Release|Any CPU
		{024B0BCD-A178-45A5-AFB2-3C9C0381602D}.Ad-Hoc|iPhone.ActiveCfg = Release|Any CPU
		{024B0BCD-A178-45A5-AFB2-3C9C0381602D}.Ad-Hoc|iPhone.Build.0 = Release|Any CPU
		{024B0BCD-A178-45A5-AFB2-3C9C0381602D}.Ad-Hoc|iPhoneSimulator.ActiveCfg = Release|Any CPU
		{024B0BCD-A178-45A5-AFB2-3C9C0381602D}.Ad-Hoc|iPhoneSimulator.Build.0 = Release|Any CPU
		{024B0BCD-A178-45A5-AFB2-3C9C0381602D}.AppStore|Any CPU.ActiveCfg = Release|Any CPU
		{024B0BCD-A178-45A5-AFB2-3C9C0381602D}.AppStore|Any CPU.Build.0 = Release|Any CPU
		{024B0BCD-A178-45A5-AFB2-3C9C0381602D}.AppStore|iPhone.ActiveCfg = Release|Any CPU
		{024B0BCD-A178-45A5-AFB2-3C9C0381602D}.AppStore|iPhone.Build.0 = Release|Any CPU
		{024B0BCD-A178-45A5-AFB2-3C9C0381602D}.AppStore|iPhoneSimulator.ActiveCfg = Release|Any CPU
		{024B0BCD-A178-45A5-AFB2-3C9C0381602D}.AppStore|iPhoneSimulator.Build.0 = Release|Any CPU
		{024B0BCD-A178-45A5-AFB2-3C9C0381602D}.Debug|Any CPU.ActiveCfg = Debug|Any CPU
		{024B0BCD-A178-45A5-AFB2-3C9C0381602D}.Debug|Any CPU.Build.0 = Debug|Any CPU
		{024B0BCD-A178-45A5-AFB2-3C9C0381602D}.Debug|iPhone.ActiveCfg = Debug|Any CPU
		{024B0BCD-A178-45A5-AFB2-3C9C0381602D}.Debug|iPhone.Build.0 = Debug|Any CPU
		{024B0BCD-A178-45A5-AFB2-3C9C0381602D}.Debug|iPhoneSimulator.ActiveCfg = Debug|Any CPU
		{024B0BCD-A178-45A5-AFB2-3C9C0381602D}.Debug|iPhoneSimulator.Build.0 = Debug|Any CPU
		{024B0BCD-A178-45A5-AFB2-3C9C0381602D}.Release|Any CPU.ActiveCfg = Release|Any CPU
		{024B0BCD-A178-45A5-AFB2-3C9C0381602D}.Release|Any CPU.Build.0 = Release|Any CPU
		{024B0BCD-A178-45A5-AFB2-3C9C0381602D}.Release|iPhone.ActiveCfg = Release|Any CPU
		{024B0BCD-A178-45A5-AFB2-3C9C0381602D}.Release|iPhone.Build.0 = Release|Any CPU
		{024B0BCD-A178-45A5-AFB2-3C9C0381602D}.Release|iPhoneSimulator.ActiveCfg = Release|Any CPU
		{024B0BCD-A178-45A5-AFB2-3C9C0381602D}.Release|iPhoneSimulator.Build.0 = Release|Any CPU
	EndGlobalSection
	GlobalSection(SolutionProperties) = preSolution
		HideSolutionNode = FALSE
	EndGlobalSection
	GlobalSection(ExtensibilityGlobals) = postSolution
		SolutionGuid = {0A688DEF-8432-4467-AC49-C92D1C8BFE8C}
	EndGlobalSection
EndGlobal
